# This file is automatically @generated by Poetry 1.8.2 and should not be changed by hand.

[[package]]
name = "certifi"
version = "2024.2.2"
description = "Python package for providing Mozilla's CA Bundle."
optional = false
python-versions = ">=3.6"
files = [
    {file = "certifi-2024.2.2-py3-none-any.whl", hash = "sha256:dc383c07b76109f368f6106eee2b593b04a011ea4d55f652c6ca24a754d1cdd1"},
    {file = "certifi-2024.2.2.tar.gz", hash = "sha256:0569859f95fc761b18b45ef421b1290a0f65f147e92a1e5eb3e635f9a5e4e66f"},
]

[[package]]
name = "cftime"
version = "1.6.3"
description = "Time-handling functionality from netcdf4-python"
optional = false
python-versions = ">=3.8"
files = [
    {file = "cftime-1.6.3-cp310-cp310-macosx_10_9_x86_64.whl", hash = "sha256:b62d42546fa5c914dfea5b15a9aaed2087ea1211cc36d08c374502ef95892038"},
    {file = "cftime-1.6.3-cp310-cp310-macosx_11_0_arm64.whl", hash = "sha256:eb6dd70b2ccabfe1a14b7fbb0bbdce0418e71697094373c0d573c880790fa291"},
    {file = "cftime-1.6.3-cp310-cp310-manylinux_2_17_x86_64.manylinux2014_x86_64.whl", hash = "sha256:f9878bfd8c1c3f24184ecbd528f739ba46ebaceaf1c8a24d348d7befb117a285"},
    {file = "cftime-1.6.3-cp310-cp310-win_amd64.whl", hash = "sha256:3cf6e216a4c06f9a628cdf8e9c9d5e8097fb3eb02dd087dd14ab3b18478a7271"},
    {file = "cftime-1.6.3-cp311-cp311-macosx_10_9_x86_64.whl", hash = "sha256:8d2c01456d9d7b46aa710a41d1c711a50d5ea259aff4a987d0e973d1093bc922"},
    {file = "cftime-1.6.3-cp311-cp311-macosx_11_0_arm64.whl", hash = "sha256:80eb1170ce1639016f55760847f4aadd04b0312496c5bac2797e930914bba48d"},
    {file = "cftime-1.6.3-cp311-cp311-manylinux_2_17_x86_64.manylinux2014_x86_64.whl", hash = "sha256:d87dadd0824262bdd7493babd2a44447da0a22175ded8ae9e060a3aebec7c5d7"},
    {file = "cftime-1.6.3-cp311-cp311-win_amd64.whl", hash = "sha256:0a38eb9f5c733a23e1714bd3ef2762ed5acee34f127670f8fb4ad6464946f6b3"},
    {file = "cftime-1.6.3-cp312-cp312-macosx_10_9_x86_64.whl", hash = "sha256:2d113a01ab924445e61d65c26bbd95bc08e4a22878d3b947064bba056c884c4a"},
    {file = "cftime-1.6.3-cp312-cp312-macosx_11_0_arm64.whl", hash = "sha256:5f11685663a6af97418908060492a07663c16d42519c139ca03c2ffb1377fd25"},
    {file = "cftime-1.6.3-cp312-cp312-manylinux_2_17_x86_64.manylinux2014_x86_64.whl", hash = "sha256:a98abb1d46d118e52b0611ce668a0b714b407be26177ef0581ecf5e95f894725"},
    {file = "cftime-1.6.3-cp312-cp312-win_amd64.whl", hash = "sha256:4d6fbd5f41b322cfa7b0ac3aaadeceb4450100a164b5bccbbb9e7c5048489a88"},
    {file = "cftime-1.6.3-cp38-cp38-macosx_10_9_x86_64.whl", hash = "sha256:bedb577bc8b8f3f10f5336c0792e5dae88605781890f50f36b45bb46907968e8"},
    {file = "cftime-1.6.3-cp38-cp38-macosx_11_0_arm64.whl", hash = "sha256:022dabf1610cdd04a693e730fa8f71d307059717f29dba921e7486e553412bb4"},
    {file = "cftime-1.6.3-cp38-cp38-manylinux_2_17_x86_64.manylinux2014_x86_64.whl", hash = "sha256:bbf782ab4ac0605bdec2b941952c897595613203942b7f8c2fccd17efa5147df"},
    {file = "cftime-1.6.3-cp38-cp38-win_amd64.whl", hash = "sha256:9eb177a02db7cd84aa6962278e4bd2d3106a545de82e6aacd9404f1e153661db"},
    {file = "cftime-1.6.3-cp39-cp39-macosx_10_9_x86_64.whl", hash = "sha256:3b86be8c2f254147be4ba88f12099466dde457a4a3a21de6c69d52a7224c13ae"},
    {file = "cftime-1.6.3-cp39-cp39-macosx_11_0_arm64.whl", hash = "sha256:523b9a6bf03f5e36407979e248381d0fcab2d225b915bbde77d00c6dde192b90"},
    {file = "cftime-1.6.3-cp39-cp39-manylinux_2_17_x86_64.manylinux2014_x86_64.whl", hash = "sha256:8a14d2c7d22fd2a6dfa6ad563283b6d6679f1df95e0ed8d14b8f284dad402887"},
    {file = "cftime-1.6.3-cp39-cp39-win_amd64.whl", hash = "sha256:d9b00c2844c7a1701d8ede5336b6321dfee256ceab81a34a1aff0483d56891a6"},
    {file = "cftime-1.6.3.tar.gz", hash = "sha256:d0a6b29f72a13f08e008b9becff247cc75c84acb213332ede18879c5b6aa4dfd"},
]

[package.dependencies]
numpy = {version = ">=1.26.0b1", markers = "python_version >= \"3.12.0.rc1\""}

[[package]]
name = "netcdf4"
version = "1.6.5"
description = "Provides an object-oriented python interface to the netCDF version 4 library"
optional = false
python-versions = ">=3.7"
files = [
    {file = "netCDF4-1.6.5-cp310-cp310-macosx_10_9_x86_64.whl", hash = "sha256:d23b97cbde2bf413fadc4697c5c255a0436511c02f811e127e0fb12f5b882a4c"},
    {file = "netCDF4-1.6.5-cp310-cp310-macosx_11_0_arm64.whl", hash = "sha256:9e5edfed673005f47f8d2fbea9c72c382b085dd358ac3c20ca743a563ed7b90e"},
    {file = "netCDF4-1.6.5-cp310-cp310-manylinux_2_17_aarch64.manylinux2014_aarch64.whl", hash = "sha256:10d2ac9ae1308ca837d86c6dc304ec455a85bdba0f2175e222844a54589168dc"},
    {file = "netCDF4-1.6.5-cp310-cp310-manylinux_2_17_i686.manylinux2014_i686.whl", hash = "sha256:9a63a2be2f80977ac23bb0aa736c565011fd4639097ce0922e01b0dc38015df2"},
    {file = "netCDF4-1.6.5-cp310-cp310-manylinux_2_17_x86_64.manylinux2014_x86_64.whl", hash = "sha256:3aaceea2097d292bad398d9f9b4fe403efa7b1568fcfa6faba9b67b1630027f9"},
    {file = "netCDF4-1.6.5-cp310-cp310-win_amd64.whl", hash = "sha256:111357d9e12eb79e8d58bfd91bc6b230d35b17a0ebd8c546d17416e8ceebea49"},
    {file = "netCDF4-1.6.5-cp311-cp311-macosx_10_9_x86_64.whl", hash = "sha256:1c5fede0b34c0a02a1b9e84116bfb3fcd2f80124a651d4836e72b785d10e2f15"},
    {file = "netCDF4-1.6.5-cp311-cp311-macosx_11_0_arm64.whl", hash = "sha256:3de5512b9270aa6472e4f3aa2bf895a7364c1d4f8667ce3b82e8232197d4fec8"},
    {file = "netCDF4-1.6.5-cp311-cp311-manylinux_2_17_aarch64.manylinux2014_aarch64.whl", hash = "sha256:b20971a164431f6eca1d24df8aa153db15c2c1b9630e83ccc5cf004e8ac8151d"},
    {file = "netCDF4-1.6.5-cp311-cp311-manylinux_2_17_x86_64.manylinux2014_x86_64.whl", hash = "sha256:ad1101d538077152b866782e44458356981526bf2ea9cc07930bf28b589c82a7"},
    {file = "netCDF4-1.6.5-cp311-cp311-win_amd64.whl", hash = "sha256:de4dc973fae9e2bbdf42e094125e423a4c25393172a61958314969b055a38889"},
    {file = "netCDF4-1.6.5-cp312-cp312-macosx_10_9_x86_64.whl", hash = "sha256:19e16c63cdd7c0dbffe284a4a65f226ba1026f476f35cbedd099b4792b395f69"},
    {file = "netCDF4-1.6.5-cp312-cp312-macosx_11_0_arm64.whl", hash = "sha256:b994afce2ca4073f6b757385a6c0ffec25ecaae2b8821535b303c7cdbf6de42b"},
    {file = "netCDF4-1.6.5-cp312-cp312-manylinux_2_17_aarch64.manylinux2014_aarch64.whl", hash = "sha256:0187646e3348e7a8cd654617dda65517df138042c94c2fcc6682ff7c8c6654dc"},
    {file = "netCDF4-1.6.5-cp312-cp312-manylinux_2_17_x86_64.manylinux2014_x86_64.whl", hash = "sha256:a1ab5dabac27d25fcc82c52dc29a74a6585e865208cce35f4e285df83d3df0b2"},
    {file = "netCDF4-1.6.5-cp312-cp312-win_amd64.whl", hash = "sha256:081e9043ac6160989f60570928eabe803c88ce7df1d3f79f2345dc48f68ef752"},
    {file = "netCDF4-1.6.5-cp38-cp38-macosx_10_9_x86_64.whl", hash = "sha256:9b47b22dda5b25ba6291f97634d7ac67b0a843f8ae5c9d9d5813c15364f66d0a"},
    {file = "netCDF4-1.6.5-cp38-cp38-manylinux_2_17_i686.manylinux2014_i686.whl", hash = "sha256:4609dd62d14798c9524327287091875449d68588c128abb768fc0c76c4a28165"},
    {file = "netCDF4-1.6.5-cp38-cp38-manylinux_2_17_x86_64.manylinux2014_x86_64.whl", hash = "sha256:2455e9d35fde067e6a6bdc24aa9d44962235a071cec49904d1589e298c23dcd3"},
    {file = "netCDF4-1.6.5-cp38-cp38-win_amd64.whl", hash = "sha256:2c210794d96431d92b5992e46ad8a9f97237bf6d6956f8816978a03dc0fa18c3"},
    {file = "netCDF4-1.6.5-cp39-cp39-macosx_10_9_x86_64.whl", hash = "sha256:18255b8b283d32d3900092f29c67e53aa25bd8f0dfe7adde59fe782d865a381c"},
    {file = "netCDF4-1.6.5-cp39-cp39-macosx_11_0_arm64.whl", hash = "sha256:53050562bac84738bbd121fbbee9593d074579f5d6fdaafcb981abeb5c964225"},
    {file = "netCDF4-1.6.5-cp39-cp39-manylinux_2_17_aarch64.manylinux2014_aarch64.whl", hash = "sha256:938c062382406bca9198b16adddd87c09b00521766b138cdfd11c95546eefeb8"},
    {file = "netCDF4-1.6.5-cp39-cp39-manylinux_2_17_i686.manylinux2014_i686.whl", hash = "sha256:4a8300451d7542d3c4ff1dcccf5fb1c7d44bdd1dc08ec77dab04416caf13cb1f"},
    {file = "netCDF4-1.6.5-cp39-cp39-manylinux_2_17_x86_64.manylinux2014_x86_64.whl", hash = "sha256:a27db2701feef31201c9b20b04a9579196edc20dfc339ca423c7b81e462d6e14"},
    {file = "netCDF4-1.6.5-cp39-cp39-win_amd64.whl", hash = "sha256:574d7742ab321e5f9f33b5b1296c4ad4e5c469152c17d4fc453d5070e413e596"},
    {file = "netCDF4-1.6.5.tar.gz", hash = "sha256:824881d0aacfde5bd982d6adedd8574259c85553781e7b83e0ce82b890bfa0ef"},
]

[package.dependencies]
certifi = "*"
cftime = "*"
numpy = "*"

[package.extras]
tests = ["Cython", "packaging", "pytest"]

[[package]]
name = "numpy"
version = "1.26.4"
description = "Fundamental package for array computing in Python"
optional = false
python-versions = ">=3.9"
files = [
    {file = "numpy-1.26.4-cp310-cp310-macosx_10_9_x86_64.whl", hash = "sha256:9ff0f4f29c51e2803569d7a51c2304de5554655a60c5d776e35b4a41413830d0"},
    {file = "numpy-1.26.4-cp310-cp310-macosx_11_0_arm64.whl", hash = "sha256:2e4ee3380d6de9c9ec04745830fd9e2eccb3e6cf790d39d7b98ffd19b0dd754a"},
    {file = "numpy-1.26.4-cp310-cp310-manylinux_2_17_aarch64.manylinux2014_aarch64.whl", hash = "sha256:d209d8969599b27ad20994c8e41936ee0964e6da07478d6c35016bc386b66ad4"},
    {file = "numpy-1.26.4-cp310-cp310-manylinux_2_17_x86_64.manylinux2014_x86_64.whl", hash = "sha256:ffa75af20b44f8dba823498024771d5ac50620e6915abac414251bd971b4529f"},
    {file = "numpy-1.26.4-cp310-cp310-musllinux_1_1_aarch64.whl", hash = "sha256:62b8e4b1e28009ef2846b4c7852046736bab361f7aeadeb6a5b89ebec3c7055a"},
    {file = "numpy-1.26.4-cp310-cp310-musllinux_1_1_x86_64.whl", hash = "sha256:a4abb4f9001ad2858e7ac189089c42178fcce737e4169dc61321660f1a96c7d2"},
    {file = "numpy-1.26.4-cp310-cp310-win32.whl", hash = "sha256:bfe25acf8b437eb2a8b2d49d443800a5f18508cd811fea3181723922a8a82b07"},
    {file = "numpy-1.26.4-cp310-cp310-win_amd64.whl", hash = "sha256:b97fe8060236edf3662adfc2c633f56a08ae30560c56310562cb4f95500022d5"},
    {file = "numpy-1.26.4-cp311-cp311-macosx_10_9_x86_64.whl", hash = "sha256:4c66707fabe114439db9068ee468c26bbdf909cac0fb58686a42a24de1760c71"},
    {file = "numpy-1.26.4-cp311-cp311-macosx_11_0_arm64.whl", hash = "sha256:edd8b5fe47dab091176d21bb6de568acdd906d1887a4584a15a9a96a1dca06ef"},
    {file = "numpy-1.26.4-cp311-cp311-manylinux_2_17_aarch64.manylinux2014_aarch64.whl", hash = "sha256:7ab55401287bfec946ced39700c053796e7cc0e3acbef09993a9ad2adba6ca6e"},
    {file = "numpy-1.26.4-cp311-cp311-manylinux_2_17_x86_64.manylinux2014_x86_64.whl", hash = "sha256:666dbfb6ec68962c033a450943ded891bed2d54e6755e35e5835d63f4f6931d5"},
    {file = "numpy-1.26.4-cp311-cp311-musllinux_1_1_aarch64.whl", hash = "sha256:96ff0b2ad353d8f990b63294c8986f1ec3cb19d749234014f4e7eb0112ceba5a"},
    {file = "numpy-1.26.4-cp311-cp311-musllinux_1_1_x86_64.whl", hash = "sha256:60dedbb91afcbfdc9bc0b1f3f402804070deed7392c23eb7a7f07fa857868e8a"},
    {file = "numpy-1.26.4-cp311-cp311-win32.whl", hash = "sha256:1af303d6b2210eb850fcf03064d364652b7120803a0b872f5211f5234b399f20"},
    {file = "numpy-1.26.4-cp311-cp311-win_amd64.whl", hash = "sha256:cd25bcecc4974d09257ffcd1f098ee778f7834c3ad767fe5db785be9a4aa9cb2"},
    {file = "numpy-1.26.4-cp312-cp312-macosx_10_9_x86_64.whl", hash = "sha256:b3ce300f3644fb06443ee2222c2201dd3a89ea6040541412b8fa189341847218"},
    {file = "numpy-1.26.4-cp312-cp312-macosx_11_0_arm64.whl", hash = "sha256:03a8c78d01d9781b28a6989f6fa1bb2c4f2d51201cf99d3dd875df6fbd96b23b"},
    {file = "numpy-1.26.4-cp312-cp312-manylinux_2_17_aarch64.manylinux2014_aarch64.whl", hash = "sha256:9fad7dcb1aac3c7f0584a5a8133e3a43eeb2fe127f47e3632d43d677c66c102b"},
    {file = "numpy-1.26.4-cp312-cp312-manylinux_2_17_x86_64.manylinux2014_x86_64.whl", hash = "sha256:675d61ffbfa78604709862923189bad94014bef562cc35cf61d3a07bba02a7ed"},
    {file = "numpy-1.26.4-cp312-cp312-musllinux_1_1_aarch64.whl", hash = "sha256:ab47dbe5cc8210f55aa58e4805fe224dac469cde56b9f731a4c098b91917159a"},
    {file = "numpy-1.26.4-cp312-cp312-musllinux_1_1_x86_64.whl", hash = "sha256:1dda2e7b4ec9dd512f84935c5f126c8bd8b9f2fc001e9f54af255e8c5f16b0e0"},
    {file = "numpy-1.26.4-cp312-cp312-win32.whl", hash = "sha256:50193e430acfc1346175fcbdaa28ffec49947a06918b7b92130744e81e640110"},
    {file = "numpy-1.26.4-cp312-cp312-win_amd64.whl", hash = "sha256:08beddf13648eb95f8d867350f6a018a4be2e5ad54c8d8caed89ebca558b2818"},
    {file = "numpy-1.26.4-cp39-cp39-macosx_10_9_x86_64.whl", hash = "sha256:7349ab0fa0c429c82442a27a9673fc802ffdb7c7775fad780226cb234965e53c"},
    {file = "numpy-1.26.4-cp39-cp39-macosx_11_0_arm64.whl", hash = "sha256:52b8b60467cd7dd1e9ed082188b4e6bb35aa5cdd01777621a1658910745b90be"},
    {file = "numpy-1.26.4-cp39-cp39-manylinux_2_17_aarch64.manylinux2014_aarch64.whl", hash = "sha256:d5241e0a80d808d70546c697135da2c613f30e28251ff8307eb72ba696945764"},
    {file = "numpy-1.26.4-cp39-cp39-manylinux_2_17_x86_64.manylinux2014_x86_64.whl", hash = "sha256:f870204a840a60da0b12273ef34f7051e98c3b5961b61b0c2c1be6dfd64fbcd3"},
    {file = "numpy-1.26.4-cp39-cp39-musllinux_1_1_aarch64.whl", hash = "sha256:679b0076f67ecc0138fd2ede3a8fd196dddc2ad3254069bcb9faf9a79b1cebcd"},
    {file = "numpy-1.26.4-cp39-cp39-musllinux_1_1_x86_64.whl", hash = "sha256:47711010ad8555514b434df65f7d7b076bb8261df1ca9bb78f53d3b2db02e95c"},
    {file = "numpy-1.26.4-cp39-cp39-win32.whl", hash = "sha256:a354325ee03388678242a4d7ebcd08b5c727033fcff3b2f536aea978e15ee9e6"},
    {file = "numpy-1.26.4-cp39-cp39-win_amd64.whl", hash = "sha256:3373d5d70a5fe74a2c1bb6d2cfd9609ecf686d47a2d7b1d37a8f3b6bf6003aea"},
    {file = "numpy-1.26.4-pp39-pypy39_pp73-macosx_10_9_x86_64.whl", hash = "sha256:afedb719a9dcfc7eaf2287b839d8198e06dcd4cb5d276a3df279231138e83d30"},
    {file = "numpy-1.26.4-pp39-pypy39_pp73-manylinux_2_17_x86_64.manylinux2014_x86_64.whl", hash = "sha256:95a7476c59002f2f6c590b9b7b998306fba6a5aa646b1e22ddfeaf8f78c3a29c"},
    {file = "numpy-1.26.4-pp39-pypy39_pp73-win_amd64.whl", hash = "sha256:7e50d0a0cc3189f9cb0aeb3a6a6af18c16f59f004b866cd2be1c14b36134a4a0"},
    {file = "numpy-1.26.4.tar.gz", hash = "sha256:2a02aba9ed12e4ac4eb3ea9421c420301a0c6460d9830d74a9df87efa4912010"},
]

[metadata]
lock-version = "2.0"
python-versions = "^3.12"
content-hash = "02fb424997f2a423d00b01fefbe4a3e594b898f836019e29cc78051ea3b2606d"
